
Microsoft Visual Studio Solution File, Format Version 12.00
# Visual Studio Version 16
VisualStudioVersion = 16.0.32002.261
MinimumVisualStudioVersion = 10.0.40219.1
Project("{9A19103F-16F7-4668-BE54-9A1E7A4F7556}") = "tmlib", "tmlib\tmlib.csproj", "{6135AB9B-FF07-475B-8597-A455FA4D6161}"
EndProject
Project("{FAE04EC0-301F-11D3-BF4B-00C04F79EFBC}") = "worker", "worker\worker.csproj", "{5005F56E-41E7-4E11-AEFD-311CF5012252}"
EndProject
Global
	GlobalSection(SolutionConfigurationPlatforms) = preSolution
		Debug|Any CPU = Debug|Any CPU
		Release|Any CPU = Release|Any CPU
	EndGlobalSection
	GlobalSection(ProjectConfigurationPlatforms) = postSolution
		{6135AB9B-FF07-475B-8597-A455FA4D6161}.Debug|Any CPU.ActiveCfg = Debug|Any CPU
		{6135AB9B-FF07-475B-8597-A455FA4D6161}.Debug|Any CPU.Build.0 = Debug|Any CPU
		{6135AB9B-FF07-475B-8597-A455FA4D6161}.Release|Any CPU.ActiveCfg = Release|Any CPU
		{6135AB9B-FF07-475B-8597-A455FA4D6161}.Release|Any CPU.Build.0 = Release|Any CPU
		{5005F56E-41E7-4E11-AEFD-311CF5012252}.Debug|Any CPU.ActiveCfg = Debug|Any CPU
		{5005F56E-41E7-4E11-AEFD-311CF5012252}.Debug|Any CPU.Build.0 = Debug|Any CPU
		{5005F56E-41E7-4E11-AEFD-311CF5012252}.Release|Any CPU.ActiveCfg = Release|Any CPU
		{5005F56E-41E7-4E11-AEFD-311CF5012252}.Release|Any CPU.Build.0 = Release|Any CPU
	EndGlobalSection
	GlobalSection(SolutionProperties) = preSolution
		HideSolutionNode = FALSE
	EndGlobalSection
	GlobalSection(ExtensibilityGlobals) = postSolution
		SolutionGuid = {E3E8735B-0B30-4F4E-A086-B35203FF522B}
	EndGlobalSection
EndGlobal
